
Microsoft Visual Studio Solution File, Format Version 12.00
# Visual Studio Version 16
VisualStudioVersion = 16.0.34114.132
MinimumVisualStudioVersion = 10.0.40219.1
Project("{FAE04EC0-301F-11D3-BF4B-00C04F79EFBC}") = "Segment", "Segment.csproj", "{1EC220AD-3897-4BD8-8364-D1B24E31540A}"
EndProject
Global
	GlobalSection(SolutionConfigurationPlatforms) = preSolution
		Debug|Any CPU = Debug|Any CPU
		Release|Any CPU = Release|Any CPU
	EndGlobalSection
	GlobalSection(ProjectConfigurationPlatforms) = postSolution
		{1EC220AD-3897-4BD8-8364-D1B24E31540A}.Debug|Any CPU.ActiveCfg = Debug|Any CPU
		{1EC220AD-3897-4BD8-8364-D1B24E31540A}.Debug|Any CPU.Build.0 = Debug|Any CPU
		{1EC220AD-3897-4BD8-8364-D1B24E31540A}.Release|Any CPU.ActiveCfg = Release|Any CPU
		{1EC220AD-3897-4BD8-8364-D1B24E31540A}.Release|Any CPU.Build.0 = Release|Any CPU
	EndGlobalSection
	GlobalSection(SolutionProperties) = preSolution
		HideSolutionNode = FALSE
	EndGlobalSection
	GlobalSection(ExtensibilityGlobals) = postSolution
		SolutionGuid = {5212CC75-6902-4AC8-8C22-2516747627CD}
	EndGlobalSection
EndGlobal
